
Microsoft Visual Studio Solution File, Format Version 12.00
# Visual Studio Version 17
VisualStudioVersion = 17.0.31903.59
MinimumVisualStudioVersion = 10.0.40219.1
Project("{2150E333-8FDC-42A3-9474-1A3956D46DE8}") = "Bootstrapper", "Bootstrapper", "{5E5DD02E-396F-44D1-A258-45A663EBC99D}"
EndProject
Project("{2150E333-8FDC-42A3-9474-1A3956D46DE8}") = "Modules", "Modules", "{CEBE3E5D-1D9C-4BBB-8F29-2BC2D70E9782}"
EndProject
Project("{2150E333-8FDC-42A3-9474-1A3956D46DE8}") = "Shared", "Shared", "{B56B66CB-CCF7-4783-B21E-EE0FC1E1646F}"
EndProject
Project("{FAE04EC0-301F-11D3-BF4B-00C04F79EFBC}") = "Api", "Bootstrapper\Api\Api.csproj", "{F477DDD0-5EDF-4461-A99D-F7B88C459D16}"
EndProject
Project("{2150E333-8FDC-42A3-9474-1A3956D46DE8}") = "Catalog", "Catalog", "{C617B7A6-ED42-4195-B097-458B87748C9B}"
EndProject
Project("{2150E333-8FDC-42A3-9474-1A3956D46DE8}") = "Basket", "Basket", "{D5360921-9ED9-4198-B92E-A4DFA769997E}"
EndProject
Project("{2150E333-8FDC-42A3-9474-1A3956D46DE8}") = "Ordering", "Ordering", "{58178F4F-7669-49D0-8D08-331CC2BAB4EA}"
EndProject
Project("{FAE04EC0-301F-11D3-BF4B-00C04F79EFBC}") = "Catalog", "Modules\Catalog\Catalog\Catalog.csproj", "{956ADB44-0000-48D4-BB51-3D61F394C90F}"
EndProject
Project("{FAE04EC0-301F-11D3-BF4B-00C04F79EFBC}") = "Basket", "Modules\Basket\Basket\Basket.csproj", "{713A4250-0A2E-49F5-8F10-6C81D7A1FE7A}"
EndProject
Project("{FAE04EC0-301F-11D3-BF4B-00C04F79EFBC}") = "Ordering", "Modules\Ordering\Ordering\Ordering.csproj", "{A1F6C180-E2A9-4972-B1FE-C67D14B43403}"
EndProject
Project("{FAE04EC0-301F-11D3-BF4B-00C04F79EFBC}") = "Shared", "Shared\Shared\Shared.csproj", "{A1070873-D951-40BB-B364-308203C87709}"
EndProject
Global
	GlobalSection(SolutionConfigurationPlatforms) = preSolution
		Debug|Any CPU = Debug|Any CPU
		Release|Any CPU = Release|Any CPU
	EndGlobalSection
	GlobalSection(ProjectConfigurationPlatforms) = postSolution
		{F477DDD0-5EDF-4461-A99D-F7B88C459D16}.Debug|Any CPU.ActiveCfg = Debug|Any CPU
		{F477DDD0-5EDF-4461-A99D-F7B88C459D16}.Debug|Any CPU.Build.0 = Debug|Any CPU
		{F477DDD0-5EDF-4461-A99D-F7B88C459D16}.Release|Any CPU.ActiveCfg = Release|Any CPU
		{F477DDD0-5EDF-4461-A99D-F7B88C459D16}.Release|Any CPU.Build.0 = Release|Any CPU
		{956ADB44-0000-48D4-BB51-3D61F394C90F}.Debug|Any CPU.ActiveCfg = Debug|Any CPU
		{956ADB44-0000-48D4-BB51-3D61F394C90F}.Debug|Any CPU.Build.0 = Debug|Any CPU
		{956ADB44-0000-48D4-BB51-3D61F394C90F}.Release|Any CPU.ActiveCfg = Release|Any CPU
		{956ADB44-0000-48D4-BB51-3D61F394C90F}.Release|Any CPU.Build.0 = Release|Any CPU
		{713A4250-0A2E-49F5-8F10-6C81D7A1FE7A}.Debug|Any CPU.ActiveCfg = Debug|Any CPU
		{713A4250-0A2E-49F5-8F10-6C81D7A1FE7A}.Debug|Any CPU.Build.0 = Debug|Any CPU
		{713A4250-0A2E-49F5-8F10-6C81D7A1FE7A}.Release|Any CPU.ActiveCfg = Release|Any CPU
		{713A4250-0A2E-49F5-8F10-6C81D7A1FE7A}.Release|Any CPU.Build.0 = Release|Any CPU
		{A1F6C180-E2A9-4972-B1FE-C67D14B43403}.Debug|Any CPU.ActiveCfg = Debug|Any CPU
		{A1F6C180-E2A9-4972-B1FE-C67D14B43403}.Debug|Any CPU.Build.0 = Debug|Any CPU
		{A1F6C180-E2A9-4972-B1FE-C67D14B43403}.Release|Any CPU.ActiveCfg = Release|Any CPU
		{A1F6C180-E2A9-4972-B1FE-C67D14B43403}.Release|Any CPU.Build.0 = Release|Any CPU
		{A1070873-D951-40BB-B364-308203C87709}.Debug|Any CPU.ActiveCfg = Debug|Any CPU
		{A1070873-D951-40BB-B364-308203C87709}.Debug|Any CPU.Build.0 = Debug|Any CPU
		{A1070873-D951-40BB-B364-308203C87709}.Release|Any CPU.ActiveCfg = Release|Any CPU
		{A1070873-D951-40BB-B364-308203C87709}.Release|Any CPU.Build.0 = Release|Any CPU
	EndGlobalSection
	GlobalSection(SolutionProperties) = preSolution
		HideSolutionNode = FALSE
	EndGlobalSection
	GlobalSection(NestedProjects) = preSolution
		{F477DDD0-5EDF-4461-A99D-F7B88C459D16} = {5E5DD02E-396F-44D1-A258-45A663EBC99D}
		{C617B7A6-ED42-4195-B097-458B87748C9B} = {CEBE3E5D-1D9C-4BBB-8F29-2BC2D70E9782}
		{D5360921-9ED9-4198-B92E-A4DFA769997E} = {CEBE3E5D-1D9C-4BBB-8F29-2BC2D70E9782}
		{58178F4F-7669-49D0-8D08-331CC2BAB4EA} = {CEBE3E5D-1D9C-4BBB-8F29-2BC2D70E9782}
		{956ADB44-0000-48D4-BB51-3D61F394C90F} = {C617B7A6-ED42-4195-B097-458B87748C9B}
		{713A4250-0A2E-49F5-8F10-6C81D7A1FE7A} = {D5360921-9ED9-4198-B92E-A4DFA769997E}
		{A1F6C180-E2A9-4972-B1FE-C67D14B43403} = {58178F4F-7669-49D0-8D08-331CC2BAB4EA}
		{A1070873-D951-40BB-B364-308203C87709} = {B56B66CB-CCF7-4783-B21E-EE0FC1E1646F}
	EndGlobalSection
EndGlobal
